---
triple:          'x86_64-apple-darwin'
binary-path:     '/Users/Anthony/projects/nolan_clock/NolanClock'
relocations:
  - { offsetInCU: 0x143ED, offset: 0x143ED, size: 0x8, addend: 0x0, symName: __ZNSt3__124__put_character_sequenceB7v160006IcNS_11char_traitsIcEEEERNS_13basic_ostreamIT_T0_EES7_PKS4_m, symObjAddr: 0x2AF0, symBinAddr: 0x100006F00, symSize: 0x1F0 }
  - { offsetInCU: 0x15D6E, offset: 0x15D6E, size: 0x8, addend: 0x0, symName: __ZNSt3__1lsB7v160006INS_11char_traitsIcEEEERNS_13basic_ostreamIcT_EES6_PKc, symObjAddr: 0x710, symBinAddr: 0x100004B20, symSize: 0x40 }
  - { offsetInCU: 0x15DB4, offset: 0x15DB4, size: 0x8, addend: 0x0, symName: __ZNSt3__118__debug_db_erase_cB7v160006INS_12basic_stringIjNS_11char_traitsIjEENS_9allocatorIjEEEEEEvPT_, symObjAddr: 0x1FE0, symBinAddr: 0x1000063F0, symSize: 0x10 }
  - { offsetInCU: 0x15DE5, offset: 0x15DE5, size: 0x8, addend: 0x0, symName: __ZNSt3__119__libcpp_deallocateB7v160006EPvmm, symObjAddr: 0x2140, symBinAddr: 0x100006550, symSize: 0x60 }
  - { offsetInCU: 0x15E4A, offset: 0x15E4A, size: 0x8, addend: 0x0, symName: __ZNSt3__124__is_overaligned_for_newB7v160006Em, symObjAddr: 0x21A0, symBinAddr: 0x1000065B0, symSize: 0x20 }
  - { offsetInCU: 0x15E78, offset: 0x15E78, size: 0x8, addend: 0x0, symName: __ZNSt3__127__do_deallocate_handle_sizeB7v160006IJSt11align_val_tEEEvPvmDpT_, symObjAddr: 0x21C0, symBinAddr: 0x1000065D0, symSize: 0x30 }
  - { offsetInCU: 0x15ECB, offset: 0x15ECB, size: 0x8, addend: 0x0, symName: __ZNSt3__127__do_deallocate_handle_sizeB7v160006IJEEEvPvmDpT_, symObjAddr: 0x21F0, symBinAddr: 0x100006600, symSize: 0x20 }
  - { offsetInCU: 0x15F09, offset: 0x15F09, size: 0x8, addend: 0x0, symName: __ZNSt3__124__libcpp_operator_deleteB7v160006IJPvSt11align_val_tEEEvDpT_, symObjAddr: 0x2210, symBinAddr: 0x100006620, symSize: 0x30 }
  - { offsetInCU: 0x15F52, offset: 0x15F52, size: 0x8, addend: 0x0, symName: __ZNSt3__124__libcpp_operator_deleteB7v160006IJPvEEEvDpT_, symObjAddr: 0x2240, symBinAddr: 0x100006650, symSize: 0x20 }
  - { offsetInCU: 0x15F87, offset: 0x15F87, size: 0x8, addend: 0x0, symName: __ZNSt3__118__debug_db_erase_cB7v160006INS_6vectorIN2sf6VertexENS_9allocatorIS3_EEEEEEvPT_, symObjAddr: 0x25C0, symBinAddr: 0x1000069D0, symSize: 0x10 }
  - { offsetInCU: 0x15FB8, offset: 0x15FB8, size: 0x8, addend: 0x0, symName: __ZNSt3__112__to_addressB7v160006IN2sf6VertexEEEPT_S4_, symObjAddr: 0x26F0, symBinAddr: 0x100006B00, symSize: 0x10 }
  - { offsetInCU: 0x15FED, offset: 0x15FED, size: 0x8, addend: 0x0, symName: __ZNSt3__119__debug_db_insert_cB7v160006INS_12basic_stringIcNS_11char_traitsIcEENS_9allocatorIcEEEEEEvPT_, symObjAddr: 0x2A30, symBinAddr: 0x100006E40, symSize: 0x10 }
  - { offsetInCU: 0x1601E, offset: 0x1601E, size: 0x8, addend: 0x0, symName: __ZNSt3__118__constexpr_strlenB7v160006EPKc, symObjAddr: 0x2AD0, symBinAddr: 0x100006EE0, symSize: 0x20 }
  - { offsetInCU: 0x1604A, offset: 0x1604A, size: 0x8, addend: 0x0, symName: __ZNSt3__116__pad_and_outputB7v160006IcNS_11char_traitsIcEEEENS_19ostreambuf_iteratorIT_T0_EES6_PKS4_S8_S8_RNS_8ios_baseES4_, symObjAddr: 0x2D00, symBinAddr: 0x100007110, symSize: 0x220 }
  - { offsetInCU: 0x1611A, offset: 0x1611A, size: 0x8, addend: 0x0, symName: __ZNSt3__112__to_addressB7v160006IcEEPT_S2_, symObjAddr: 0x3160, symBinAddr: 0x100007570, symSize: 0x10 }
  - { offsetInCU: 0x16182, offset: 0x16182, size: 0x8, addend: 0x0, symName: __ZNSt3__19use_facetB7v160006INS_5ctypeIcEEEERKT_RKNS_6localeE, symObjAddr: 0x33F0, symBinAddr: 0x100007800, symSize: 0x30 }
  - { offsetInCU: 0x1A2B4, offset: 0x1A2B4, size: 0x8, addend: 0x0, symName: __ZN5ClockC2Eff, symObjAddr: 0x0, symBinAddr: 0x100004410, symSize: 0x690 }
  - { offsetInCU: 0x1A2FC, offset: 0x1A2FC, size: 0x8, addend: 0x0, symName: __ZN2sf7Vector2IfEC1Eff, symObjAddr: 0x690, symBinAddr: 0x100004AA0, symSize: 0x30 }
  - { offsetInCU: 0x1A344, offset: 0x1A344, size: 0x8, addend: 0x0, symName: __ZN2sf6StringD1Ev, symObjAddr: 0x6C0, symBinAddr: 0x100004AD0, symSize: 0x20 }
  - { offsetInCU: 0x1A375, offset: 0x1A375, size: 0x8, addend: 0x0, symName: __ZNSt3__112basic_stringIcNS_11char_traitsIcEENS_9allocatorIcEEEC1B7v160006IDnEEPKc, symObjAddr: 0x6E0, symBinAddr: 0x100004AF0, symSize: 0x30 }
  - { offsetInCU: 0x1A3B3, offset: 0x1A3B3, size: 0x8, addend: 0x0, symName: __ZN2sf4RectIiEC1Ev, symObjAddr: 0x750, symBinAddr: 0x100004B60, symSize: 0x20 }
  - { offsetInCU: 0x1A3DF, offset: 0x1A3DF, size: 0x8, addend: 0x0, symName: __ZN5Clock4initEv, symObjAddr: 0x770, symBinAddr: 0x100004B80, symSize: 0x690 }
  - { offsetInCU: 0x1A425, offset: 0x1A425, size: 0x8, addend: 0x0, symName: __ZN5Clock3runEv, symObjAddr: 0xE00, symBinAddr: 0x100005210, symSize: 0x220 }
  - { offsetInCU: 0x1A487, offset: 0x1A487, size: 0x8, addend: 0x0, symName: __ZN2sf4TextD1Ev, symObjAddr: 0x1020, symBinAddr: 0x100005430, symSize: 0x20 }
  - { offsetInCU: 0x1A4B3, offset: 0x1A4B3, size: 0x8, addend: 0x0, symName: __ZN2sf14RectangleShapeD1Ev, symObjAddr: 0x1040, symBinAddr: 0x100005450, symSize: 0x20 }
  - { offsetInCU: 0x1A4DF, offset: 0x1A4DF, size: 0x8, addend: 0x0, symName: __ZN2sf11CircleShapeD1Ev, symObjAddr: 0x1060, symBinAddr: 0x100005470, symSize: 0x20 }
  - { offsetInCU: 0x1A50B, offset: 0x1A50B, size: 0x8, addend: 0x0, symName: __ZN5ClockC1Eff, symObjAddr: 0x1080, symBinAddr: 0x100005490, symSize: 0x30 }
  - { offsetInCU: 0x1A553, offset: 0x1A553, size: 0x8, addend: 0x0, symName: __ZN2sf7Vector2IfEC1Ev, symObjAddr: 0x10B0, symBinAddr: 0x1000054C0, symSize: 0x20 }
  - { offsetInCU: 0x1A57F, offset: 0x1A57F, size: 0x8, addend: 0x0, symName: __ZN5Clock8initRectERN2sf14RectangleShapeEffffNS0_5ColorE, symObjAddr: 0x10D0, symBinAddr: 0x1000054E0, symSize: 0x70 }
  - { offsetInCU: 0x1A5FB, offset: 0x1A5FB, size: 0x8, addend: 0x0, symName: __ZN5Clock6updateEv, symObjAddr: 0x1140, symBinAddr: 0x100005550, symSize: 0x10 }
  - { offsetInCU: 0x1A623, offset: 0x1A623, size: 0x8, addend: 0x0, symName: __ZN2sf4RectIfEC1Effff, symObjAddr: 0x1150, symBinAddr: 0x100005560, symSize: 0x50 }
  - { offsetInCU: 0x1A687, offset: 0x1A687, size: 0x8, addend: 0x0, symName: __ZN2sf7Vector2IjEC1Ejj, symObjAddr: 0x11A0, symBinAddr: 0x1000055B0, symSize: 0x30 }
  - { offsetInCU: 0x1A6CF, offset: 0x1A6CF, size: 0x8, addend: 0x0, symName: __ZN5Clock4drawEv, symObjAddr: 0x11D0, symBinAddr: 0x1000055E0, symSize: 0xAA0 }
  - { offsetInCU: 0x1A7AF, offset: 0x1A7AF, size: 0x8, addend: 0x0, symName: __ZN5Clock4getXEf, symObjAddr: 0x1C70, symBinAddr: 0x100006080, symSize: 0xB0 }
  - { offsetInCU: 0x1A7E5, offset: 0x1A7E5, size: 0x8, addend: 0x0, symName: __ZN5Clock4getYEf, symObjAddr: 0x1D20, symBinAddr: 0x100006130, symSize: 0xA0 }
  - { offsetInCU: 0x1A81B, offset: 0x1A81B, size: 0x8, addend: 0x0, symName: __ZN5Clock9min_valueEff, symObjAddr: 0x1DC0, symBinAddr: 0x1000061D0, symSize: 0x50 }
  - { offsetInCU: 0x1A85F, offset: 0x1A85F, size: 0x8, addend: 0x0, symName: __ZN5Clock9getSecondEv, symObjAddr: 0x1E10, symBinAddr: 0x100006220, symSize: 0x30 }
  - { offsetInCU: 0x1A887, offset: 0x1A887, size: 0x8, addend: 0x0, symName: __ZN5Clock9getMinuteEv, symObjAddr: 0x1E40, symBinAddr: 0x100006250, symSize: 0x30 }
  - { offsetInCU: 0x1A8AF, offset: 0x1A8AF, size: 0x8, addend: 0x0, symName: __ZN5Clock7getHourEv, symObjAddr: 0x1E70, symBinAddr: 0x100006280, symSize: 0x30 }
  - { offsetInCU: 0x1A8D7, offset: 0x1A8D7, size: 0x8, addend: 0x0, symName: __ZN5Clock6getDayEv, symObjAddr: 0x1EA0, symBinAddr: 0x1000062B0, symSize: 0x30 }
  - { offsetInCU: 0x1A8FF, offset: 0x1A8FF, size: 0x8, addend: 0x0, symName: __ZN5Clock7getTimeEv, symObjAddr: 0x1ED0, symBinAddr: 0x1000062E0, symSize: 0x50 }
  - { offsetInCU: 0x1A927, offset: 0x1A927, size: 0x8, addend: 0x0, symName: __ZN2sf6StringD2Ev, symObjAddr: 0x1F20, symBinAddr: 0x100006330, symSize: 0x20 }
  - { offsetInCU: 0x1A953, offset: 0x1A953, size: 0x8, addend: 0x0, symName: __ZNSt3__112basic_stringIjNS_11char_traitsIjEENS_9allocatorIjEEED1Ev, symObjAddr: 0x1F40, symBinAddr: 0x100006350, symSize: 0x20 }
  - { offsetInCU: 0x1A97F, offset: 0x1A97F, size: 0x8, addend: 0x0, symName: __ZNSt3__112basic_stringIjNS_11char_traitsIjEENS_9allocatorIjEEED2Ev, symObjAddr: 0x1F60, symBinAddr: 0x100006370, symSize: 0x80 }
  - { offsetInCU: 0x1A9AB, offset: 0x1A9AB, size: 0x8, addend: 0x0, symName: __ZNKSt3__112basic_stringIjNS_11char_traitsIjEENS_9allocatorIjEEE9__is_longB7v160006Ev, symObjAddr: 0x2000, symBinAddr: 0x100006410, symSize: 0x30 }
  - { offsetInCU: 0x1A9D1, offset: 0x1A9D1, size: 0x8, addend: 0x0, symName: __ZNSt3__116allocator_traitsINS_9allocatorIjEEE10deallocateB7v160006ERS2_Pjm, symObjAddr: 0x2030, symBinAddr: 0x100006440, symSize: 0x30 }
  - { offsetInCU: 0x1AA13, offset: 0x1AA13, size: 0x8, addend: 0x0, symName: __ZNSt3__112basic_stringIjNS_11char_traitsIjEENS_9allocatorIjEEE7__allocB7v160006Ev, symObjAddr: 0x2060, symBinAddr: 0x100006470, symSize: 0x20 }
  - { offsetInCU: 0x1AA39, offset: 0x1AA39, size: 0x8, addend: 0x0, symName: __ZNSt3__112basic_stringIjNS_11char_traitsIjEENS_9allocatorIjEEE18__get_long_pointerB7v160006Ev, symObjAddr: 0x2080, symBinAddr: 0x100006490, symSize: 0x20 }
  - { offsetInCU: 0x1AA5F, offset: 0x1AA5F, size: 0x8, addend: 0x0, symName: __ZNKSt3__112basic_stringIjNS_11char_traitsIjEENS_9allocatorIjEEE14__get_long_capB7v160006Ev, symObjAddr: 0x20A0, symBinAddr: 0x1000064B0, symSize: 0x30 }
  - { offsetInCU: 0x1AA85, offset: 0x1AA85, size: 0x8, addend: 0x0, symName: __ZNKSt3__117__compressed_pairINS_12basic_stringIjNS_11char_traitsIjEENS_9allocatorIjEEE5__repES5_E5firstB7v160006Ev, symObjAddr: 0x20D0, symBinAddr: 0x1000064E0, symSize: 0x20 }
  - { offsetInCU: 0x1AAAB, offset: 0x1AAAB, size: 0x8, addend: 0x0, symName: __ZNKSt3__122__compressed_pair_elemINS_12basic_stringIjNS_11char_traitsIjEENS_9allocatorIjEEE5__repELi0ELb0EE5__getB7v160006Ev, symObjAddr: 0x20F0, symBinAddr: 0x100006500, symSize: 0x10 }
  - { offsetInCU: 0x1AAD1, offset: 0x1AAD1, size: 0x8, addend: 0x0, symName: __ZNSt3__19allocatorIjE10deallocateB7v160006EPjm, symObjAddr: 0x2100, symBinAddr: 0x100006510, symSize: 0x40 }
  - { offsetInCU: 0x1AB13, offset: 0x1AB13, size: 0x8, addend: 0x0, symName: __ZNSt3__117__compressed_pairINS_12basic_stringIjNS_11char_traitsIjEENS_9allocatorIjEEE5__repES5_E6secondB7v160006Ev, symObjAddr: 0x2260, symBinAddr: 0x100006670, symSize: 0x20 }
  - { offsetInCU: 0x1AB39, offset: 0x1AB39, size: 0x8, addend: 0x0, symName: __ZNSt3__122__compressed_pair_elemINS_9allocatorIjEELi1ELb1EE5__getB7v160006Ev, symObjAddr: 0x2280, symBinAddr: 0x100006690, symSize: 0x10 }
  - { offsetInCU: 0x1AB5F, offset: 0x1AB5F, size: 0x8, addend: 0x0, symName: __ZNSt3__117__compressed_pairINS_12basic_stringIjNS_11char_traitsIjEENS_9allocatorIjEEE5__repES5_E5firstB7v160006Ev, symObjAddr: 0x2290, symBinAddr: 0x1000066A0, symSize: 0x20 }
  - { offsetInCU: 0x1AB85, offset: 0x1AB85, size: 0x8, addend: 0x0, symName: __ZNSt3__122__compressed_pair_elemINS_12basic_stringIjNS_11char_traitsIjEENS_9allocatorIjEEE5__repELi0ELb0EE5__getB7v160006Ev, symObjAddr: 0x22B0, symBinAddr: 0x1000066C0, symSize: 0x10 }
  - { offsetInCU: 0x1ABAB, offset: 0x1ABAB, size: 0x8, addend: 0x0, symName: __ZN2sf4TextD2Ev, symObjAddr: 0x22C0, symBinAddr: 0x1000066D0, symSize: 0x80 }
  - { offsetInCU: 0x1ABD7, offset: 0x1ABD7, size: 0x8, addend: 0x0, symName: __ZThn8_N2sf4TextD1Ev, symObjAddr: 0x2340, symBinAddr: 0x100006750, symSize: 0x20 }
  - { offsetInCU: 0x1ABED, offset: 0x1ABED, size: 0x8, addend: 0x0, symName: __ZN2sf11VertexArrayD1Ev, symObjAddr: 0x2360, symBinAddr: 0x100006770, symSize: 0x20 }
  - { offsetInCU: 0x1AC19, offset: 0x1AC19, size: 0x8, addend: 0x0, symName: __ZN2sf8DrawableD2Ev, symObjAddr: 0x2380, symBinAddr: 0x100006790, symSize: 0x10 }
  - { offsetInCU: 0x1AC43, offset: 0x1AC43, size: 0x8, addend: 0x0, symName: __ZN2sf11VertexArrayD2Ev, symObjAddr: 0x2390, symBinAddr: 0x1000067A0, symSize: 0x40 }
  - { offsetInCU: 0x1AC6F, offset: 0x1AC6F, size: 0x8, addend: 0x0, symName: __ZNSt3__16vectorIN2sf6VertexENS_9allocatorIS2_EEED1B7v160006Ev, symObjAddr: 0x23D0, symBinAddr: 0x1000067E0, symSize: 0x20 }
  - { offsetInCU: 0x1AC99, offset: 0x1AC99, size: 0x8, addend: 0x0, symName: __ZNSt3__16vectorIN2sf6VertexENS_9allocatorIS2_EEED2B7v160006Ev, symObjAddr: 0x23F0, symBinAddr: 0x100006800, symSize: 0x40 }
  - { offsetInCU: 0x1ACC3, offset: 0x1ACC3, size: 0x8, addend: 0x0, symName: __ZNSt3__16vectorIN2sf6VertexENS_9allocatorIS2_EEE16__destroy_vectorC1ERS5_, symObjAddr: 0x2430, symBinAddr: 0x100006840, symSize: 0x30 }
  - { offsetInCU: 0x1ACFC, offset: 0x1ACFC, size: 0x8, addend: 0x0, symName: __ZNSt3__16vectorIN2sf6VertexENS_9allocatorIS2_EEE16__destroy_vectorclB7v160006Ev, symObjAddr: 0x2460, symBinAddr: 0x100006870, symSize: 0x90 }
  - { offsetInCU: 0x1AD22, offset: 0x1AD22, size: 0x8, addend: 0x0, symName: __ZNSt3__16vectorIN2sf6VertexENS_9allocatorIS2_EEE16__destroy_vectorC2ERS5_, symObjAddr: 0x24F0, symBinAddr: 0x100006900, symSize: 0x20 }
  - { offsetInCU: 0x1AD5B, offset: 0x1AD5B, size: 0x8, addend: 0x0, symName: __ZNKSt3__16vectorIN2sf6VertexENS_9allocatorIS2_EEE17__annotate_deleteB7v160006Ev, symObjAddr: 0x2510, symBinAddr: 0x100006920, symSize: 0xB0 }
  - { offsetInCU: 0x1AD81, offset: 0x1AD81, size: 0x8, addend: 0x0, symName: __ZNSt3__16vectorIN2sf6VertexENS_9allocatorIS2_EEE7__clearB7v160006Ev, symObjAddr: 0x25D0, symBinAddr: 0x1000069E0, symSize: 0x20 }
  - { offsetInCU: 0x1ADA7, offset: 0x1ADA7, size: 0x8, addend: 0x0, symName: __ZNSt3__116allocator_traitsINS_9allocatorIN2sf6VertexEEEE10deallocateB7v160006ERS4_PS3_m, symObjAddr: 0x25F0, symBinAddr: 0x100006A00, symSize: 0x30 }
  - { offsetInCU: 0x1ADE9, offset: 0x1ADE9, size: 0x8, addend: 0x0, symName: __ZNSt3__16vectorIN2sf6VertexENS_9allocatorIS2_EEE7__allocB7v160006Ev, symObjAddr: 0x2620, symBinAddr: 0x100006A30, symSize: 0x20 }
  - { offsetInCU: 0x1AE0F, offset: 0x1AE0F, size: 0x8, addend: 0x0, symName: __ZNKSt3__16vectorIN2sf6VertexENS_9allocatorIS2_EEE8capacityB7v160006Ev, symObjAddr: 0x2640, symBinAddr: 0x100006A50, symSize: 0x40 }
  - { offsetInCU: 0x1AE35, offset: 0x1AE35, size: 0x8, addend: 0x0, symName: __ZNKSt3__16vectorIN2sf6VertexENS_9allocatorIS2_EEE31__annotate_contiguous_containerB7v160006EPKvS7_S7_S7_, symObjAddr: 0x2680, symBinAddr: 0x100006A90, symSize: 0x20 }
  - { offsetInCU: 0x1AE8B, offset: 0x1AE8B, size: 0x8, addend: 0x0, symName: __ZNKSt3__16vectorIN2sf6VertexENS_9allocatorIS2_EEE4dataB7v160006Ev, symObjAddr: 0x26A0, symBinAddr: 0x100006AB0, symSize: 0x20 }
  - { offsetInCU: 0x1AEB1, offset: 0x1AEB1, size: 0x8, addend: 0x0, symName: __ZNKSt3__16vectorIN2sf6VertexENS_9allocatorIS2_EEE4sizeB7v160006Ev, symObjAddr: 0x26C0, symBinAddr: 0x100006AD0, symSize: 0x30 }
  - { offsetInCU: 0x1AED7, offset: 0x1AED7, size: 0x8, addend: 0x0, symName: __ZNSt3__16vectorIN2sf6VertexENS_9allocatorIS2_EEE22__base_destruct_at_endB7v160006EPS2_, symObjAddr: 0x2700, symBinAddr: 0x100006B10, symSize: 0x80 }
  - { offsetInCU: 0x1AF1B, offset: 0x1AF1B, size: 0x8, addend: 0x0, symName: __ZNSt3__116allocator_traitsINS_9allocatorIN2sf6VertexEEEE7destroyB7v160006IS3_vEEvRS4_PT_, symObjAddr: 0x2780, symBinAddr: 0x100006B90, symSize: 0x30 }
  - { offsetInCU: 0x1AF58, offset: 0x1AF58, size: 0x8, addend: 0x0, symName: __ZNSt3__19allocatorIN2sf6VertexEE7destroyB7v160006EPS2_, symObjAddr: 0x27B0, symBinAddr: 0x100006BC0, symSize: 0x10 }
  - { offsetInCU: 0x1AF8C, offset: 0x1AF8C, size: 0x8, addend: 0x0, symName: __ZNSt3__19allocatorIN2sf6VertexEE10deallocateB7v160006EPS2_m, symObjAddr: 0x27C0, symBinAddr: 0x100006BD0, symSize: 0x50 }
  - { offsetInCU: 0x1AFCE, offset: 0x1AFCE, size: 0x8, addend: 0x0, symName: __ZNSt3__117__compressed_pairIPN2sf6VertexENS_9allocatorIS2_EEE6secondB7v160006Ev, symObjAddr: 0x2810, symBinAddr: 0x100006C20, symSize: 0x20 }
  - { offsetInCU: 0x1AFF4, offset: 0x1AFF4, size: 0x8, addend: 0x0, symName: __ZNSt3__122__compressed_pair_elemINS_9allocatorIN2sf6VertexEEELi1ELb1EE5__getB7v160006Ev, symObjAddr: 0x2830, symBinAddr: 0x100006C40, symSize: 0x10 }
  - { offsetInCU: 0x1B01A, offset: 0x1B01A, size: 0x8, addend: 0x0, symName: __ZNKSt3__16vectorIN2sf6VertexENS_9allocatorIS2_EEE9__end_capB7v160006Ev, symObjAddr: 0x2840, symBinAddr: 0x100006C50, symSize: 0x20 }
  - { offsetInCU: 0x1B040, offset: 0x1B040, size: 0x8, addend: 0x0, symName: __ZNKSt3__117__compressed_pairIPN2sf6VertexENS_9allocatorIS2_EEE5firstB7v160006Ev, symObjAddr: 0x2860, symBinAddr: 0x100006C70, symSize: 0x20 }
  - { offsetInCU: 0x1B066, offset: 0x1B066, size: 0x8, addend: 0x0, symName: __ZNKSt3__122__compressed_pair_elemIPN2sf6VertexELi0ELb0EE5__getB7v160006Ev, symObjAddr: 0x2880, symBinAddr: 0x100006C90, symSize: 0x10 }
  - { offsetInCU: 0x1B08C, offset: 0x1B08C, size: 0x8, addend: 0x0, symName: __ZN2sf14RectangleShapeD2Ev, symObjAddr: 0x2890, symBinAddr: 0x100006CA0, symSize: 0x20 }
  - { offsetInCU: 0x1B0B8, offset: 0x1B0B8, size: 0x8, addend: 0x0, symName: __ZThn8_N2sf14RectangleShapeD1Ev, symObjAddr: 0x28B0, symBinAddr: 0x100006CC0, symSize: 0x20 }
  - { offsetInCU: 0x1B0CE, offset: 0x1B0CE, size: 0x8, addend: 0x0, symName: __ZN2sf11CircleShapeD2Ev, symObjAddr: 0x28D0, symBinAddr: 0x100006CE0, symSize: 0x20 }
  - { offsetInCU: 0x1B0FA, offset: 0x1B0FA, size: 0x8, addend: 0x0, symName: __ZThn8_N2sf11CircleShapeD1Ev, symObjAddr: 0x28F0, symBinAddr: 0x100006D00, symSize: 0x20 }
  - { offsetInCU: 0x1B110, offset: 0x1B110, size: 0x8, addend: 0x0, symName: __ZN2sf4RectIiEC2Ev, symObjAddr: 0x2910, symBinAddr: 0x100006D20, symSize: 0x30 }
  - { offsetInCU: 0x1B13C, offset: 0x1B13C, size: 0x8, addend: 0x0, symName: __ZN2sf7Vector2IfEC2Eff, symObjAddr: 0x2940, symBinAddr: 0x100006D50, symSize: 0x30 }
  - { offsetInCU: 0x1B184, offset: 0x1B184, size: 0x8, addend: 0x0, symName: __ZNSt3__112basic_stringIcNS_11char_traitsIcEENS_9allocatorIcEEEC2B7v160006IDnEEPKc, symObjAddr: 0x2970, symBinAddr: 0x100006D80, symSize: 0x60 }
  - { offsetInCU: 0x1B1C7, offset: 0x1B1C7, size: 0x8, addend: 0x0, symName: __ZNSt3__117__compressed_pairINS_12basic_stringIcNS_11char_traitsIcEENS_9allocatorIcEEE5__repES5_EC1B7v160006INS_18__default_init_tagESA_EEOT_OT0_, symObjAddr: 0x29D0, symBinAddr: 0x100006DE0, symSize: 0x30 }
  - { offsetInCU: 0x1B21F, offset: 0x1B21F, size: 0x8, addend: 0x0, symName: __ZNSt3__111char_traitsIcE6lengthEPKc, symObjAddr: 0x2A00, symBinAddr: 0x100006E10, symSize: 0x30 }
  - { offsetInCU: 0x1B242, offset: 0x1B242, size: 0x8, addend: 0x0, symName: __ZNSt3__117__compressed_pairINS_12basic_stringIcNS_11char_traitsIcEENS_9allocatorIcEEE5__repES5_EC2B7v160006INS_18__default_init_tagESA_EEOT_OT0_, symObjAddr: 0x2A40, symBinAddr: 0x100006E50, symSize: 0x30 }
  - { offsetInCU: 0x1B29A, offset: 0x1B29A, size: 0x8, addend: 0x0, symName: __ZNSt3__122__compressed_pair_elemINS_12basic_stringIcNS_11char_traitsIcEENS_9allocatorIcEEE5__repELi0ELb0EEC2B7v160006ENS_18__default_init_tagE, symObjAddr: 0x2A70, symBinAddr: 0x100006E80, symSize: 0x10 }
  - { offsetInCU: 0x1B2CF, offset: 0x1B2CF, size: 0x8, addend: 0x0, symName: __ZNSt3__122__compressed_pair_elemINS_9allocatorIcEELi1ELb1EEC2B7v160006ENS_18__default_init_tagE, symObjAddr: 0x2A80, symBinAddr: 0x100006E90, symSize: 0x20 }
  - { offsetInCU: 0x1B304, offset: 0x1B304, size: 0x8, addend: 0x0, symName: __ZNSt3__19allocatorIcEC2B7v160006Ev, symObjAddr: 0x2AA0, symBinAddr: 0x100006EB0, symSize: 0x20 }
  - { offsetInCU: 0x1B32E, offset: 0x1B32E, size: 0x8, addend: 0x0, symName: __ZNSt3__116__non_trivial_ifILb1ENS_9allocatorIcEEEC2B7v160006Ev, symObjAddr: 0x2AC0, symBinAddr: 0x100006ED0, symSize: 0x10 }
  - { offsetInCU: 0x1B376, offset: 0x1B376, size: 0x8, addend: 0x0, symName: __ZNKSt3__113basic_ostreamIcNS_11char_traitsIcEEE6sentrycvbB7v160006Ev, symObjAddr: 0x2CE0, symBinAddr: 0x1000070F0, symSize: 0x20 }
  - { offsetInCU: 0x1B39C, offset: 0x1B39C, size: 0x8, addend: 0x0, symName: __ZNSt3__119ostreambuf_iteratorIcNS_11char_traitsIcEEEC1B7v160006ERNS_13basic_ostreamIcS2_EE, symObjAddr: 0x2F20, symBinAddr: 0x100007330, symSize: 0x30 }
  - { offsetInCU: 0x1B3D4, offset: 0x1B3D4, size: 0x8, addend: 0x0, symName: __ZNKSt3__18ios_base5flagsB7v160006Ev, symObjAddr: 0x2F50, symBinAddr: 0x100007360, symSize: 0x20 }
  - { offsetInCU: 0x1B3FC, offset: 0x1B3FC, size: 0x8, addend: 0x0, symName: __ZNKSt3__19basic_iosIcNS_11char_traitsIcEEE4fillB7v160006Ev, symObjAddr: 0x2F70, symBinAddr: 0x100007380, symSize: 0x70 }
  - { offsetInCU: 0x1B424, offset: 0x1B424, size: 0x8, addend: 0x0, symName: __ZNKSt3__119ostreambuf_iteratorIcNS_11char_traitsIcEEE6failedB7v160006Ev, symObjAddr: 0x2FE0, symBinAddr: 0x1000073F0, symSize: 0x20 }
  - { offsetInCU: 0x1B44A, offset: 0x1B44A, size: 0x8, addend: 0x0, symName: __ZNSt3__19basic_iosIcNS_11char_traitsIcEEE8setstateB7v160006Ej, symObjAddr: 0x3000, symBinAddr: 0x100007410, symSize: 0x30 }
  - { offsetInCU: 0x1B47F, offset: 0x1B47F, size: 0x8, addend: 0x0, symName: __ZNKSt3__18ios_base5widthB7v160006Ev, symObjAddr: 0x3030, symBinAddr: 0x100007440, symSize: 0x20 }
  - { offsetInCU: 0x1B4A7, offset: 0x1B4A7, size: 0x8, addend: 0x0, symName: __ZNSt3__115basic_streambufIcNS_11char_traitsIcEEE5sputnB7v160006EPKcl, symObjAddr: 0x3050, symBinAddr: 0x100007460, symSize: 0x30 }
  - { offsetInCU: 0x1B4E9, offset: 0x1B4E9, size: 0x8, addend: 0x0, symName: __ZNSt3__112basic_stringIcNS_11char_traitsIcEENS_9allocatorIcEEEC1B7v160006Emc, symObjAddr: 0x3080, symBinAddr: 0x100007490, symSize: 0x30 }
  - { offsetInCU: 0x1B531, offset: 0x1B531, size: 0x8, addend: 0x0, symName: __ZNSt3__112basic_stringIcNS_11char_traitsIcEENS_9allocatorIcEEE4dataB7v160006Ev, symObjAddr: 0x30B0, symBinAddr: 0x1000074C0, symSize: 0x30 }
  - { offsetInCU: 0x1B557, offset: 0x1B557, size: 0x8, addend: 0x0, symName: __ZNSt3__18ios_base5widthB7v160006El, symObjAddr: 0x30E0, symBinAddr: 0x1000074F0, symSize: 0x30 }
  - { offsetInCU: 0x1B59D, offset: 0x1B59D, size: 0x8, addend: 0x0, symName: __ZNSt3__112basic_stringIcNS_11char_traitsIcEENS_9allocatorIcEEEC2B7v160006Emc, symObjAddr: 0x3110, symBinAddr: 0x100007520, symSize: 0x50 }
  - { offsetInCU: 0x1B5E5, offset: 0x1B5E5, size: 0x8, addend: 0x0, symName: __ZNSt3__112basic_stringIcNS_11char_traitsIcEENS_9allocatorIcEEE13__get_pointerB7v160006Ev, symObjAddr: 0x3170, symBinAddr: 0x100007580, symSize: 0x50 }
  - { offsetInCU: 0x1B60B, offset: 0x1B60B, size: 0x8, addend: 0x0, symName: __ZNKSt3__112basic_stringIcNS_11char_traitsIcEENS_9allocatorIcEEE9__is_longB7v160006Ev, symObjAddr: 0x31C0, symBinAddr: 0x1000075D0, symSize: 0x30 }
  - { offsetInCU: 0x1B631, offset: 0x1B631, size: 0x8, addend: 0x0, symName: __ZNSt3__112basic_stringIcNS_11char_traitsIcEENS_9allocatorIcEEE18__get_long_pointerB7v160006Ev, symObjAddr: 0x31F0, symBinAddr: 0x100007600, symSize: 0x20 }
  - { offsetInCU: 0x1B657, offset: 0x1B657, size: 0x8, addend: 0x0, symName: __ZNSt3__112basic_stringIcNS_11char_traitsIcEENS_9allocatorIcEEE19__get_short_pointerB7v160006Ev, symObjAddr: 0x3210, symBinAddr: 0x100007620, symSize: 0x30 }
  - { offsetInCU: 0x1B67D, offset: 0x1B67D, size: 0x8, addend: 0x0, symName: __ZNKSt3__117__compressed_pairINS_12basic_stringIcNS_11char_traitsIcEENS_9allocatorIcEEE5__repES5_E5firstB7v160006Ev, symObjAddr: 0x3240, symBinAddr: 0x100007650, symSize: 0x20 }
  - { offsetInCU: 0x1B6A3, offset: 0x1B6A3, size: 0x8, addend: 0x0, symName: __ZNKSt3__122__compressed_pair_elemINS_12basic_stringIcNS_11char_traitsIcEENS_9allocatorIcEEE5__repELi0ELb0EE5__getB7v160006Ev, symObjAddr: 0x3260, symBinAddr: 0x100007670, symSize: 0x10 }
  - { offsetInCU: 0x1B6C9, offset: 0x1B6C9, size: 0x8, addend: 0x0, symName: __ZNSt3__117__compressed_pairINS_12basic_stringIcNS_11char_traitsIcEENS_9allocatorIcEEE5__repES5_E5firstB7v160006Ev, symObjAddr: 0x3270, symBinAddr: 0x100007680, symSize: 0x20 }
  - { offsetInCU: 0x1B6EF, offset: 0x1B6EF, size: 0x8, addend: 0x0, symName: __ZNSt3__122__compressed_pair_elemINS_12basic_stringIcNS_11char_traitsIcEENS_9allocatorIcEEE5__repELi0ELb0EE5__getB7v160006Ev, symObjAddr: 0x3290, symBinAddr: 0x1000076A0, symSize: 0x10 }
  - { offsetInCU: 0x1B715, offset: 0x1B715, size: 0x8, addend: 0x0, symName: __ZNSt3__114pointer_traitsIPcE10pointer_toB7v160006ERc, symObjAddr: 0x32A0, symBinAddr: 0x1000076B0, symSize: 0x10 }
  - { offsetInCU: 0x1B738, offset: 0x1B738, size: 0x8, addend: 0x0, symName: __ZNSt3__119ostreambuf_iteratorIcNS_11char_traitsIcEEEC2B7v160006ERNS_13basic_ostreamIcS2_EE, symObjAddr: 0x32B0, symBinAddr: 0x1000076C0, symSize: 0x50 }
  - { offsetInCU: 0x1B770, offset: 0x1B770, size: 0x8, addend: 0x0, symName: __ZNKSt3__19basic_iosIcNS_11char_traitsIcEEE5rdbufB7v160006Ev, symObjAddr: 0x3300, symBinAddr: 0x100007710, symSize: 0x20 }
  - { offsetInCU: 0x1B798, offset: 0x1B798, size: 0x8, addend: 0x0, symName: __ZNKSt3__18ios_base5rdbufB7v160006Ev, symObjAddr: 0x3320, symBinAddr: 0x100007730, symSize: 0x20 }
  - { offsetInCU: 0x1B7BE, offset: 0x1B7BE, size: 0x8, addend: 0x0, symName: __ZNSt3__111char_traitsIcE11eq_int_typeEii, symObjAddr: 0x3340, symBinAddr: 0x100007750, symSize: 0x20 }
  - { offsetInCU: 0x1B7EF, offset: 0x1B7EF, size: 0x8, addend: 0x0, symName: __ZNSt3__111char_traitsIcE3eofEv, symObjAddr: 0x3360, symBinAddr: 0x100007770, symSize: 0x10 }
  - { offsetInCU: 0x1B803, offset: 0x1B803, size: 0x8, addend: 0x0, symName: __ZNKSt3__19basic_iosIcNS_11char_traitsIcEEE5widenB7v160006Ec, symObjAddr: 0x3370, symBinAddr: 0x100007780, symSize: 0x80 }
  - { offsetInCU: 0x1B86C, offset: 0x1B86C, size: 0x8, addend: 0x0, symName: __ZNKSt3__15ctypeIcE5widenB7v160006Ec, symObjAddr: 0x3420, symBinAddr: 0x100007830, symSize: 0x30 }
  - { offsetInCU: 0x1B8A1, offset: 0x1B8A1, size: 0x8, addend: 0x0, symName: __ZNSt3__18ios_base8setstateB7v160006Ej, symObjAddr: 0x3450, symBinAddr: 0x100007860, symSize: 0x30 }
  - { offsetInCU: 0x1B8D8, offset: 0x1B8D8, size: 0x8, addend: 0x0, symName: __ZN2sf7Vector2IfEC2Ev, symObjAddr: 0x3480, symBinAddr: 0x100007890, symSize: 0x20 }
  - { offsetInCU: 0x1B904, offset: 0x1B904, size: 0x8, addend: 0x0, symName: __ZN2sf4RectIfEC2Effff, symObjAddr: 0x34A0, symBinAddr: 0x1000078B0, symSize: 0x50 }
  - { offsetInCU: 0x1B968, offset: 0x1B968, size: 0x8, addend: 0x0, symName: __ZN2sf7Vector2IjEC2Ejj, symObjAddr: 0x34F0, symBinAddr: 0x100007900, symSize: 0x1F }
  - { offsetInCU: 0xD3FD, offset: 0x28E6A, size: 0x8, addend: 0x0, symName: _main, symObjAddr: 0x0, symBinAddr: 0x100007920, symSize: 0x50 }
  - { offsetInCU: 0xDA91, offset: 0x294FE, size: 0x8, addend: 0x0, symName: __ZN5ClockD1Ev, symObjAddr: 0x50, symBinAddr: 0x100007970, symSize: 0x20 }
  - { offsetInCU: 0xDABB, offset: 0x29528, size: 0x8, addend: 0x0, symName: __ZN5ClockD2Ev, symObjAddr: 0x70, symBinAddr: 0x100007990, symSize: 0xD0 }
...
